
Microsoft Visual Studio Solution File, Format Version 12.00
# Visual Studio Version 17
VisualStudioVersion = 17.7.33906.173
MinimumVisualStudioVersion = 10.0.40219.1
Project("{E24C65DC-7377-472B-9ABA-BC803B73C61A}") = "proyecto final", "..\..\..\Documents\UTU\Diseño Web 1\proyecto final\", "{F8D71FAF-B92A-41BE-A0B7-DFA963FDEE97}"
	ProjectSection(WebsiteProperties) = preProject
		TargetFrameworkMoniker = ".NETFramework,Version%3Dv4.8"
		Debug.AspNetCompiler.VirtualPath = "/localhost_63357"
		Debug.AspNetCompiler.PhysicalPath = "..\..\..\Documents\UTU\Diseño Web 1\proyecto final\"
		Debug.AspNetCompiler.TargetPath = "PrecompiledWeb\localhost_63357\"
		Debug.AspNetCompiler.Updateable = "true"
		Debug.AspNetCompiler.ForceOverwrite = "true"
		Debug.AspNetCompiler.FixedNames = "false"
		Debug.AspNetCompiler.Debug = "True"
		Release.AspNetCompiler.VirtualPath = "/localhost_63357"
		Release.AspNetCompiler.PhysicalPath = "..\..\..\Documents\UTU\Diseño Web 1\proyecto final\"
		Release.AspNetCompiler.TargetPath = "PrecompiledWeb\localhost_63357\"
		Release.AspNetCompiler.Updateable = "true"
		Release.AspNetCompiler.ForceOverwrite = "true"
		Release.AspNetCompiler.FixedNames = "false"
		Release.AspNetCompiler.Debug = "False"
		VWDPort = "63357"
	EndProjectSection
EndProject
Global
	GlobalSection(SolutionConfigurationPlatforms) = preSolution
		Debug|Any CPU = Debug|Any CPU
	EndGlobalSection
	GlobalSection(ProjectConfigurationPlatforms) = postSolution
		{F8D71FAF-B92A-41BE-A0B7-DFA963FDEE97}.Debug|Any CPU.ActiveCfg = Debug|Any CPU
		{F8D71FAF-B92A-41BE-A0B7-DFA963FDEE97}.Debug|Any CPU.Build.0 = Debug|Any CPU
	EndGlobalSection
	GlobalSection(SolutionProperties) = preSolution
		HideSolutionNode = FALSE
	EndGlobalSection
	GlobalSection(ExtensibilityGlobals) = postSolution
		SolutionGuid = {83826237-F4AE-4BE2-8749-1F4E0144F720}
	EndGlobalSection
EndGlobal
